// !$*UTF8*$!
{
	archiveVersion = 1;
	classes = {
	};
	objectVersion = 50;
	objects = {

/* Begin PBXBuildFile section */
		4A159B0926FAA1B700F2A335 /* Repository.swift in Sources */ = {isa = PBXBuildFile; fileRef = 4A159B0826FAA1B700F2A335 /* Repository.swift */; };
		4A159B1026FAAEC700F2A335 /* NetworkClient.swift in Sources */ = {isa = PBXBuildFile; fileRef = 4A159B0F26FAAEC700F2A335 /* NetworkClient.swift */; };
		4A6C5A1826F94FBD00C07C9B /* AppDelegate.swift in Sources */ = {isa = PBXBuildFile; fileRef = 4A6C5A1726F94FBD00C07C9B /* AppDelegate.swift */; };
		4A6C5A2126F94FBF00C07C9B /* Assets.xcassets in Resources */ = {isa = PBXBuildFile; fileRef = 4A6C5A2026F94FBF00C07C9B /* Assets.xcassets */; };
		4A6C5A2426F94FBF00C07C9B /* LaunchScreen.storyboard in Resources */ = {isa = PBXBuildFile; fileRef = 4A6C5A2226F94FBF00C07C9B /* LaunchScreen.storyboard */; };
		4A6C5A2C26F9500C00C07C9B /* ReposViewController.swift in Sources */ = {isa = PBXBuildFile; fileRef = 4A6C5A2B26F9500C00C07C9B /* ReposViewController.swift */; };
		4A6C5A2F26F9586B00C07C9B /* ReposCollectionViewCell.swift in Sources */ = {isa = PBXBuildFile; fileRef = 4A6C5A2E26F9586B00C07C9B /* ReposCollectionViewCell.swift */; };
		4AC07BB826FBC2ED00AA7DA7 /* RepoViewModel.swift in Sources */ = {isa = PBXBuildFile; fileRef = 4AC07BB726FBC2ED00AA7DA7 /* RepoViewModel.swift */; };
		4AC07BBB26FBC69600AA7DA7 /* ReposView.swift in Sources */ = {isa = PBXBuildFile; fileRef = 4AC07BBA26FBC69600AA7DA7 /* ReposView.swift */; };
		4AC07BBF26FBCB3C00AA7DA7 /* CollectionExtensions.swift in Sources */ = {isa = PBXBuildFile; fileRef = 4AC07BBE26FBCB3C00AA7DA7 /* CollectionExtensions.swift */; };
		4AC07BC226FBD1E600AA7DA7 /* ReposBuilder.swift in Sources */ = {isa = PBXBuildFile; fileRef = 4AC07BC126FBD1E600AA7DA7 /* ReposBuilder.swift */; };
		4AC07BC426FBD1F600AA7DA7 /* ReposPresenter.swift in Sources */ = {isa = PBXBuildFile; fileRef = 4AC07BC326FBD1F600AA7DA7 /* ReposPresenter.swift */; };
		4AC07BC626FBD20A00AA7DA7 /* ReposService.swift in Sources */ = {isa = PBXBuildFile; fileRef = 4AC07BC526FBD20A00AA7DA7 /* ReposService.swift */; };
		4AC07BC826FC218B00AA7DA7 /* DetailedRepoViewConntroller.swift in Sources */ = {isa = PBXBuildFile; fileRef = 4AC07BC726FC218B00AA7DA7 /* DetailedRepoViewConntroller.swift */; };
/* End PBXBuildFile section */

/* Begin PBXFileReference section */
		4A159B0826FAA1B700F2A335 /* Repository.swift */ = {isa = PBXFileReference; lastKnownFileType = sourcecode.swift; path = Repository.swift; sourceTree = "<group>"; };
		4A159B0F26FAAEC700F2A335 /* NetworkClient.swift */ = {isa = PBXFileReference; fileEncoding = 4; lastKnownFileType = sourcecode.swift; path = NetworkClient.swift; sourceTree = "<group>"; };
		4A6C5A1426F94FBD00C07C9B /* PublicGithubRepos.app */ = {isa = PBXFileReference; explicitFileType = wrapper.application; includeInIndex = 0; path = PublicGithubRepos.app; sourceTree = BUILT_PRODUCTS_DIR; };
		4A6C5A1726F94FBD00C07C9B /* AppDelegate.swift */ = {isa = PBXFileReference; lastKnownFileType = sourcecode.swift; path = AppDelegate.swift; sourceTree = "<group>"; };
		4A6C5A2026F94FBF00C07C9B /* Assets.xcassets */ = {isa = PBXFileReference; lastKnownFileType = folder.assetcatalog; path = Assets.xcassets; sourceTree = "<group>"; };
		4A6C5A2326F94FBF00C07C9B /* Base */ = {isa = PBXFileReference; lastKnownFileType = file.storyboard; name = Base; path = Base.lproj/LaunchScreen.storyboard; sourceTree = "<group>"; };
		4A6C5A2526F94FBF00C07C9B /* Info.plist */ = {isa = PBXFileReference; lastKnownFileType = text.plist.xml; path = Info.plist; sourceTree = "<group>"; };
		4A6C5A2B26F9500C00C07C9B /* ReposViewController.swift */ = {isa = PBXFileReference; lastKnownFileType = sourcecode.swift; path = ReposViewController.swift; sourceTree = "<group>"; };
		4A6C5A2E26F9586B00C07C9B /* ReposCollectionViewCell.swift */ = {isa = PBXFileReference; lastKnownFileType = sourcecode.swift; path = ReposCollectionViewCell.swift; sourceTree = "<group>"; };
		4AC07BB726FBC2ED00AA7DA7 /* RepoViewModel.swift */ = {isa = PBXFileReference; lastKnownFileType = sourcecode.swift; path = RepoViewModel.swift; sourceTree = "<group>"; };
		4AC07BBA26FBC69600AA7DA7 /* ReposView.swift */ = {isa = PBXFileReference; lastKnownFileType = sourcecode.swift; path = ReposView.swift; sourceTree = "<group>"; };
		4AC07BBE26FBCB3C00AA7DA7 /* CollectionExtensions.swift */ = {isa = PBXFileReference; fileEncoding = 4; lastKnownFileType = sourcecode.swift; path = CollectionExtensions.swift; sourceTree = "<group>"; };
		4AC07BC126FBD1E600AA7DA7 /* ReposBuilder.swift */ = {isa = PBXFileReference; lastKnownFileType = sourcecode.swift; path = ReposBuilder.swift; sourceTree = "<group>"; };
		4AC07BC326FBD1F600AA7DA7 /* ReposPresenter.swift */ = {isa = PBXFileReference; lastKnownFileType = sourcecode.swift; name = ReposPresenter.swift; path = "../../../../../../Library/Mobile Documents/com~apple~CloudDocs/ReposPresenter.swift"; sourceTree = "<group>"; };
		4AC07BC526FBD20A00AA7DA7 /* ReposService.swift */ = {isa = PBXFileReference; lastKnownFileType = sourcecode.swift; name = ReposService.swift; path = ../../../../../../Downloads/ReposService.swift; sourceTree = "<group>"; };
		4AC07BC726FC218B00AA7DA7 /* DetailedRepoViewConntroller.swift */ = {isa = PBXFileReference; lastKnownFileType = sourcecode.swift; path = DetailedRepoViewConntroller.swift; sourceTree = "<group>"; };
/* End PBXFileReference section */

/* Begin PBXFrameworksBuildPhase section */
		4A6C5A1126F94FBD00C07C9B /* Frameworks */ = {
			isa = PBXFrameworksBuildPhase;
			buildActionMask = 2147483647;
			files = (
			);
			runOnlyForDeploymentPostprocessing = 0;
		};
/* End PBXFrameworksBuildPhase section */

/* Begin PBXGroup section */
		4A159B0726FAA19600F2A335 /* Models */ = {
			isa = PBXGroup;
			children = (
				4A159B0826FAA1B700F2A335 /* Repository.swift */,
			);
			path = Models;
			sourceTree = "<group>";
		};
		4A159B0A26FAA43000F2A335 /* CoreLayer */ = {
			isa = PBXGroup;
			children = (
				4A159B0F26FAAEC700F2A335 /* NetworkClient.swift */,
			);
			path = CoreLayer;
			sourceTree = "<group>";
		};
		4A6C5A0B26F94FBD00C07C9B = {
			isa = PBXGroup;
			children = (
				4A6C5A1626F94FBD00C07C9B /* PublicGithubRepos */,
				4A6C5A1526F94FBD00C07C9B /* Products */,
			);
			sourceTree = "<group>";
		};
		4A6C5A1526F94FBD00C07C9B /* Products */ = {
			isa = PBXGroup;
			children = (
				4A6C5A1426F94FBD00C07C9B /* PublicGithubRepos.app */,
			);
			name = Products;
			sourceTree = "<group>";
		};
		4A6C5A1626F94FBD00C07C9B /* PublicGithubRepos */ = {
			isa = PBXGroup;
			children = (
				4A159B0726FAA19600F2A335 /* Models */,
				4A159B0A26FAA43000F2A335 /* CoreLayer */,
				4A6C5A3026F9587000C07C9B /* Repos */,
				4AC07BC926FC218E00AA7DA7 /* DetailedRepo */,
				4AC07BC026FBCB4000AA7DA7 /* Extensions */,
				4A6C5A2D26F9502100C07C9B /* AppSupport */,
				4A6C5A2526F94FBF00C07C9B /* Info.plist */,
			);
			path = PublicGithubRepos;
			sourceTree = "<group>";
		};
		4A6C5A2D26F9502100C07C9B /* AppSupport */ = {
			isa = PBXGroup;
			children = (
				4A6C5A1726F94FBD00C07C9B /* AppDelegate.swift */,
				4A6C5A2026F94FBF00C07C9B /* Assets.xcassets */,
				4A6C5A2226F94FBF00C07C9B /* LaunchScreen.storyboard */,
			);
			path = AppSupport;
			sourceTree = "<group>";
		};
		4A6C5A3026F9587000C07C9B /* Repos */ = {
			isa = PBXGroup;
			children = (
				4AC07BB926FBC30000AA7DA7 /* ViewModel */,
				4A6C5A3126F9587600C07C9B /* View */,
				4AC07BC126FBD1E600AA7DA7 /* ReposBuilder.swift */,
				4AC07BC326FBD1F600AA7DA7 /* ReposPresenter.swift */,
				4AC07BC526FBD20A00AA7DA7 /* ReposService.swift */,
			);
			path = Repos;
			sourceTree = "<group>";
		};
		4A6C5A3126F9587600C07C9B /* View */ = {
			isa = PBXGroup;
			children = (
				4A6C5A2E26F9586B00C07C9B /* ReposCollectionViewCell.swift */,
				4AC07BBA26FBC69600AA7DA7 /* ReposView.swift */,
				4A6C5A2B26F9500C00C07C9B /* ReposViewController.swift */,
			);
			path = View;
			sourceTree = "<group>";
		};
		4AC07BB926FBC30000AA7DA7 /* ViewModel */ = {
			isa = PBXGroup;
			children = (
				4AC07BB726FBC2ED00AA7DA7 /* RepoViewModel.swift */,
			);
			path = ViewModel;
			sourceTree = "<group>";
		};
		4AC07BC026FBCB4000AA7DA7 /* Extensions */ = {
			isa = PBXGroup;
			children = (
				4AC07BBE26FBCB3C00AA7DA7 /* CollectionExtensions.swift */,
			);
			path = Extensions;
			sourceTree = "<group>";
		};
		4AC07BC926FC218E00AA7DA7 /* DetailedRepo */ = {
			isa = PBXGroup;
			children = (
				4AC07BC726FC218B00AA7DA7 /* DetailedRepoViewConntroller.swift */,
			);
			path = DetailedRepo;
			sourceTree = "<group>";
		};
/* End PBXGroup section */

/* Begin PBXNativeTarget section */
		4A6C5A1326F94FBD00C07C9B /* PublicGithubRepos */ = {
			isa = PBXNativeTarget;
			buildConfigurationList = 4A6C5A2826F94FBF00C07C9B /* Build configuration list for PBXNativeTarget "PublicGithubRepos" */;
			buildPhases = (
				4A6C5A1026F94FBD00C07C9B /* Sources */,
				4A6C5A1126F94FBD00C07C9B /* Frameworks */,
				4A6C5A1226F94FBD00C07C9B /* Resources */,
			);
			buildRules = (
			);
			dependencies = (
			);
			name = PublicGithubRepos;
			productName = PublicGithubRepos;
			productReference = 4A6C5A1426F94FBD00C07C9B /* PublicGithubRepos.app */;
			productType = "com.apple.product-type.application";
		};
/* End PBXNativeTarget section */

/* Begin PBXProject section */
		4A6C5A0C26F94FBD00C07C9B /* Project object */ = {
			isa = PBXProject;
			attributes = {
				LastSwiftUpdateCheck = 1250;
				LastUpgradeCheck = 1250;
				TargetAttributes = {
					4A6C5A1326F94FBD00C07C9B = {
						CreatedOnToolsVersion = 12.5.1;
					};
				};
			};
			buildConfigurationList = 4A6C5A0F26F94FBD00C07C9B /* Build configuration list for PBXProject "PublicGithubRepos" */;
			compatibilityVersion = "Xcode 9.3";
			developmentRegion = en;
			hasScannedForEncodings = 0;
			knownRegions = (
				en,
				Base,
			);
			mainGroup = 4A6C5A0B26F94FBD00C07C9B;
			productRefGroup = 4A6C5A1526F94FBD00C07C9B /* Products */;
			projectDirPath = "";
			projectRoot = "";
			targets = (
				4A6C5A1326F94FBD00C07C9B /* PublicGithubRepos */,
			);
		};
/* End PBXProject section */

/* Begin PBXResourcesBuildPhase section */
		4A6C5A1226F94FBD00C07C9B /* Resources */ = {
			isa = PBXResourcesBuildPhase;
			buildActionMask = 2147483647;
			files = (
				4A6C5A2426F94FBF00C07C9B /* LaunchScreen.storyboard in Resources */,
				4A6C5A2126F94FBF00C07C9B /* Assets.xcassets in Resources */,
			);
			runOnlyForDeploymentPostprocessing = 0;
		};
/* End PBXResourcesBuildPhase section */

/* Begin PBXSourcesBuildPhase section */
		4A6C5A1026F94FBD00C07C9B /* Sources */ = {
			isa = PBXSourcesBuildPhase;
			buildActionMask = 2147483647;
			files = (
				4A6C5A2C26F9500C00C07C9B /* ReposViewController.swift in Sources */,
				4AC07BC826FC218B00AA7DA7 /* DetailedRepoViewConntroller.swift in Sources */,
				4AC07BC226FBD1E600AA7DA7 /* ReposBuilder.swift in Sources */,
				4AC07BC426FBD1F600AA7DA7 /* ReposPresenter.swift in Sources */,
				4AC07BBF26FBCB3C00AA7DA7 /* CollectionExtensions.swift in Sources */,
				4A159B1026FAAEC700F2A335 /* NetworkClient.swift in Sources */,
				4A6C5A2F26F9586B00C07C9B /* ReposCollectionViewCell.swift in Sources */,
				4AC07BC626FBD20A00AA7DA7 /* ReposService.swift in Sources */,
				4A159B0926FAA1B700F2A335 /* Repository.swift in Sources */,
				4AC07BB826FBC2ED00AA7DA7 /* RepoViewModel.swift in Sources */,
				4AC07BBB26FBC69600AA7DA7 /* ReposView.swift in Sources */,
				4A6C5A1826F94FBD00C07C9B /* AppDelegate.swift in Sources */,
			);
			runOnlyForDeploymentPostprocessing = 0;
		};
/* End PBXSourcesBuildPhase section */

/* Begin PBXVariantGroup section */
		4A6C5A2226F94FBF00C07C9B /* LaunchScreen.storyboard */ = {
			isa = PBXVariantGroup;
			children = (
				4A6C5A2326F94FBF00C07C9B /* Base */,
			);
			name = LaunchScreen.storyboard;
			sourceTree = "<group>";
		};
/* End PBXVariantGroup section */

/* Begin XCBuildConfiguration section */
		4A6C5A2626F94FBF00C07C9B /* Debug */ = {
			isa = XCBuildConfiguration;
			buildSettings = {
				ALWAYS_SEARCH_USER_PATHS = NO;
				CLANG_ANALYZER_NONNULL = YES;
				CLANG_ANALYZER_NUMBER_OBJECT_CONVERSION = YES_AGGRESSIVE;
				CLANG_CXX_LANGUAGE_STANDARD = "gnu++14";
				CLANG_CXX_LIBRARY = "libc++";
				CLANG_ENABLE_MODULES = YES;
				CLANG_ENABLE_OBJC_ARC = YES;
				CLANG_ENABLE_OBJC_WEAK = YES;
				CLANG_WARN_BLOCK_CAPTURE_AUTORELEASING = YES;
				CLANG_WARN_BOOL_CONVERSION = YES;
				CLANG_WARN_COMMA = YES;
				CLANG_WARN_CONSTANT_CONVERSION = YES;
				CLANG_WARN_DEPRECATED_OBJC_IMPLEMENTATIONS = YES;
				CLANG_WARN_DIRECT_OBJC_ISA_USAGE = YES_ERROR;
				CLANG_WARN_DOCUMENTATION_COMMENTS = YES;
				CLANG_WARN_EMPTY_BODY = YES;
				CLANG_WARN_ENUM_CONVERSION = YES;
				CLANG_WARN_INFINITE_RECURSION = YES;
				CLANG_WARN_INT_CONVERSION = YES;
				CLANG_WARN_NON_LITERAL_NULL_CONVERSION = YES;
				CLANG_WARN_OBJC_IMPLICIT_RETAIN_SELF = YES;
				CLANG_WARN_OBJC_LITERAL_CONVERSION = YES;
				CLANG_WARN_OBJC_ROOT_CLASS = YES_ERROR;
				CLANG_WARN_QUOTED_INCLUDE_IN_FRAMEWORK_HEADER = YES;
				CLANG_WARN_RANGE_LOOP_ANALYSIS = YES;
				CLANG_WARN_STRICT_PROTOTYPES = YES;
				CLANG_WARN_SUSPICIOUS_MOVE = YES;
				CLANG_WARN_UNGUARDED_AVAILABILITY = YES_AGGRESSIVE;
				CLANG_WARN_UNREACHABLE_CODE = YES;
				CLANG_WARN__DUPLICATE_METHOD_MATCH = YES;
				COPY_PHASE_STRIP = NO;
				DEBUG_INFORMATION_FORMAT = dwarf;
				ENABLE_STRICT_OBJC_MSGSEND = YES;
				ENABLE_TESTABILITY = YES;
				GCC_C_LANGUAGE_STANDARD = gnu11;
				GCC_DYNAMIC_NO_PIC = NO;
				GCC_NO_COMMON_BLOCKS = YES;
				GCC_OPTIMIZATION_LEVEL = 0;
				GCC_PREPROCESSOR_DEFINITIONS = (
					"DEBUG=1",
					"$(inherited)",
				);
				GCC_WARN_64_TO_32_BIT_CONVERSION = YES;
				GCC_WARN_ABOUT_RETURN_TYPE = YES_ERROR;
				GCC_WARN_UNDECLARED_SELECTOR = YES;
				GCC_WARN_UNINITIALIZED_AUTOS = YES_AGGRESSIVE;
				GCC_WARN_UNUSED_FUNCTION = YES;
				GCC_WARN_UNUSED_VARIABLE = YES;
				IPHONEOS_DEPLOYMENT_TARGET = 14.5;
				MTL_ENABLE_DEBUG_INFO = INCLUDE_SOURCE;
				MTL_FAST_MATH = YES;
				ONLY_ACTIVE_ARCH = YES;
				SDKROOT = iphoneos;
				SWIFT_ACTIVE_COMPILATION_CONDITIONS = DEBUG;
				SWIFT_OPTIMIZATION_LEVEL = "-Onone";
			};
			name = Debug;
		};
		4A6C5A2726F94FBF00C07C9B /* Release */ = {
			isa = XCBuildConfiguration;
			buildSettings = {
				ALWAYS_SEARCH_USER_PATHS = NO;
				CLANG_ANALYZER_NONNULL = YES;
				CLANG_ANALYZER_NUMBER_OBJECT_CONVERSION = YES_AGGRESSIVE;
				CLANG_CXX_LANGUAGE_STANDARD = "gnu++14";
				CLANG_CXX_LIBRARY = "libc++";
				CLANG_ENABLE_MODULES = YES;
				CLANG_ENABLE_OBJC_ARC = YES;
				CLANG_ENABLE_OBJC_WEAK = YES;
				CLANG_WARN_BLOCK_CAPTURE_AUTORELEASING = YES;
				CLANG_WARN_BOOL_CONVERSION = YES;
				CLANG_WARN_COMMA = YES;
				CLANG_WARN_CONSTANT_CONVERSION = YES;
				CLANG_WARN_DEPRECATED_OBJC_IMPLEMENTATIONS = YES;
				CLANG_WARN_DIRECT_OBJC_ISA_USAGE = YES_ERROR;
				CLANG_WARN_DOCUMENTATION_COMMENTS = YES;
				CLANG_WARN_EMPTY_BODY = YES;
				CLANG_WARN_ENUM_CONVERSION = YES;
				CLANG_WARN_INFINITE_RECURSION = YES;
				CLANG_WARN_INT_CONVERSION = YES;
				CLANG_WARN_NON_LITERAL_NULL_CONVERSION = YES;
				CLANG_WARN_OBJC_IMPLICIT_RETAIN_SELF = YES;
				CLANG_WARN_OBJC_LITERAL_CONVERSION = YES;
				CLANG_WARN_OBJC_ROOT_CLASS = YES_ERROR;
				CLANG_WARN_QUOTED_INCLUDE_IN_FRAMEWORK_HEADER = YES;
				CLANG_WARN_RANGE_LOOP_ANALYSIS = YES;
				CLANG_WARN_STRICT_PROTOTYPES = YES;
				CLANG_WARN_SUSPICIOUS_MOVE = YES;
				CLANG_WARN_UNGUARDED_AVAILABILITY = YES_AGGRESSIVE;
				CLANG_WARN_UNREACHABLE_CODE = YES;
				CLANG_WARN__DUPLICATE_METHOD_MATCH = YES;
				COPY_PHASE_STRIP = NO;
				DEBUG_INFORMATION_FORMAT = "dwarf-with-dsym";
				ENABLE_NS_ASSERTIONS = NO;
				ENABLE_STRICT_OBJC_MSGSEND = YES;
				GCC_C_LANGUAGE_STANDARD = gnu11;
				GCC_NO_COMMON_BLOCKS = YES;
				GCC_WARN_64_TO_32_BIT_CONVERSION = YES;
				GCC_WARN_ABOUT_RETURN_TYPE = YES_ERROR;
				GCC_WARN_UNDECLARED_SELECTOR = YES;
				GCC_WARN_UNINITIALIZED_AUTOS = YES_AGGRESSIVE;
				GCC_WARN_UNUSED_FUNCTION = YES;
				GCC_WARN_UNUSED_VARIABLE = YES;
				IPHONEOS_DEPLOYMENT_TARGET = 14.5;
				MTL_ENABLE_DEBUG_INFO = NO;
				MTL_FAST_MATH = YES;
				SDKROOT = iphoneos;
				SWIFT_COMPILATION_MODE = wholemodule;
				SWIFT_OPTIMIZATION_LEVEL = "-O";
				VALIDATE_PRODUCT = YES;
			};
			name = Release;
		};
		4A6C5A2926F94FBF00C07C9B /* Debug */ = {
			isa = XCBuildConfiguration;
			buildSettings = {
				ASSETCATALOG_COMPILER_APPICON_NAME = AppIcon;
				ASSETCATALOG_COMPILER_GLOBAL_ACCENT_COLOR_NAME = AccentColor;
				CODE_SIGN_STYLE = Automatic;
				INFOPLIST_FILE = PublicGithubRepos/Info.plist;
				IPHONEOS_DEPLOYMENT_TARGET = 13.0;
				LD_RUNPATH_SEARCH_PATHS = (
					"$(inherited)",
					"@executable_path/Frameworks",
				);
				PRODUCT_BUNDLE_IDENTIFIER = ru.yandex.urfenjust.PublicGithubRepos;
				PRODUCT_NAME = "$(TARGET_NAME)";
				SWIFT_VERSION = 5.0;
				TARGETED_DEVICE_FAMILY = 1;
			};
			name = Debug;
		};
		4A6C5A2A26F94FBF00C07C9B /* Release */ = {
			isa = XCBuildConfiguration;
			buildSettings = {
				ASSETCATALOG_COMPILER_APPICON_NAME = AppIcon;
				ASSETCATALOG_COMPILER_GLOBAL_ACCENT_COLOR_NAME = AccentColor;
				CODE_SIGN_STYLE = Automatic;
				INFOPLIST_FILE = PublicGithubRepos/Info.plist;
				IPHONEOS_DEPLOYMENT_TARGET = 13.0;
				LD_RUNPATH_SEARCH_PATHS = (
					"$(inherited)",
					"@executable_path/Frameworks",
				);
				PRODUCT_BUNDLE_IDENTIFIER = ru.yandex.urfenjust.PublicGithubRepos;
				PRODUCT_NAME = "$(TARGET_NAME)";
				SWIFT_VERSION = 5.0;
				TARGETED_DEVICE_FAMILY = 1;
			};
			name = Release;
		};
/* End XCBuildConfiguration section */

/* Begin XCConfigurationList section */
		4A6C5A0F26F94FBD00C07C9B /* Build configuration list for PBXProject "PublicGithubRepos" */ = {
			isa = XCConfigurationList;
			buildConfigurations = (
				4A6C5A2626F94FBF00C07C9B /* Debug */,
				4A6C5A2726F94FBF00C07C9B /* Release */,
			);
			defaultConfigurationIsVisible = 0;
			defaultConfigurationName = Release;
		};
		4A6C5A2826F94FBF00C07C9B /* Build configuration list for PBXNativeTarget "PublicGithubRepos" */ = {
			isa = XCConfigurationList;
			buildConfigurations = (
				4A6C5A2926F94FBF00C07C9B /* Debug */,
				4A6C5A2A26F94FBF00C07C9B /* Release */,
			);
			defaultConfigurationIsVisible = 0;
			defaultConfigurationName = Release;
		};
/* End XCConfigurationList section */
	};
	rootObject = 4A6C5A0C26F94FBD00C07C9B /* Project object */;
}
